
Microsoft Visual Studio Solution File, Format Version 12.00
# Visual Studio Version 17
VisualStudioVersion = 17.9.34616.47
MinimumVisualStudioVersion = 10.0.40219.1
Project("{9A19103F-16F7-4668-BE54-9A1E7A4F7556}") = "Cemetery.Web", "Cemetery.Web\Cemetery.Web.csproj", "{191C1810-7716-4333-9B4D-550DBA255062}"
EndProject
Project("{00D1A9C2-B5F0-4AF3-8072-F6C62B433612}") = "Cemetery.Database", "Cemetery.Database\Cemetery.Database.sqlproj", "{3AA92B79-F1F7-4467-B900-6782842FEEE6}"
EndProject
Global
	GlobalSection(SolutionConfigurationPlatforms) = preSolution
		Debug|Any CPU = Debug|Any CPU
		Release|Any CPU = Release|Any CPU
	EndGlobalSection
	GlobalSection(ProjectConfigurationPlatforms) = postSolution
		{191C1810-7716-4333-9B4D-550DBA255062}.Debug|Any CPU.ActiveCfg = Debug|Any CPU
		{191C1810-7716-4333-9B4D-550DBA255062}.Debug|Any CPU.Build.0 = Debug|Any CPU
		{191C1810-7716-4333-9B4D-550DBA255062}.Release|Any CPU.ActiveCfg = Release|Any CPU
		{191C1810-7716-4333-9B4D-550DBA255062}.Release|Any CPU.Build.0 = Release|Any CPU
		{3AA92B79-F1F7-4467-B900-6782842FEEE6}.Debug|Any CPU.ActiveCfg = Debug|Any CPU
		{3AA92B79-F1F7-4467-B900-6782842FEEE6}.Debug|Any CPU.Build.0 = Debug|Any CPU
		{3AA92B79-F1F7-4467-B900-6782842FEEE6}.Debug|Any CPU.Deploy.0 = Debug|Any CPU
		{3AA92B79-F1F7-4467-B900-6782842FEEE6}.Release|Any CPU.ActiveCfg = Release|Any CPU
		{3AA92B79-F1F7-4467-B900-6782842FEEE6}.Release|Any CPU.Build.0 = Release|Any CPU
		{3AA92B79-F1F7-4467-B900-6782842FEEE6}.Release|Any CPU.Deploy.0 = Release|Any CPU
	EndGlobalSection
	GlobalSection(SolutionProperties) = preSolution
		HideSolutionNode = FALSE
	EndGlobalSection
	GlobalSection(ExtensibilityGlobals) = postSolution
		SolutionGuid = {108325BB-B47D-4D4D-9212-65B64C2601D4}
	EndGlobalSection
EndGlobal
